// !$*UTF8*$!
{
	archiveVersion = 1;
	classes = {
	};
	objectVersion = 55;
	objects = {

/* Begin PBXBuildFile section */
		1F8FEDB09460C912EA46AE9C /* Pods_trianthropotypesPaschalidesTests.framework in Frameworks */ = {isa = PBXBuildFile; fileRef = 3134DE948D9546C194FCBB25 /* Pods_trianthropotypesPaschalidesTests.framework */; };
		ACF8B62CF8F5FDB76D595C1A /* Pods_trianthropotypesPaschalides_trianthropotypesPaschalidesUITests.framework in Frameworks */ = {isa = PBXBuildFile; fileRef = 75EF9E8EF58D78B04F31F369 /* Pods_trianthropotypesPaschalides_trianthropotypesPaschalidesUITests.framework */; };
		D6626F692A2DD7A00052F0BE /* trianthropotypesPaschalidesApp.swift in Sources */ = {isa = PBXBuildFile; fileRef = D6626F682A2DD7A00052F0BE /* trianthropotypesPaschalidesApp.swift */; };
		D6626F6B2A2DD7A00052F0BE /* ContentView.swift in Sources */ = {isa = PBXBuildFile; fileRef = D6626F6A2A2DD7A00052F0BE /* ContentView.swift */; };
		D6626F6D2A2DD7A20052F0BE /* Assets.xcassets in Resources */ = {isa = PBXBuildFile; fileRef = D6626F6C2A2DD7A20052F0BE /* Assets.xcassets */; };
		D6626F702A2DD7A20052F0BE /* Preview Assets.xcassets in Resources */ = {isa = PBXBuildFile; fileRef = D6626F6F2A2DD7A20052F0BE /* Preview Assets.xcassets */; };
		D6626F7A2A2DD7A30052F0BE /* trianthropotypesPaschalidesTests.swift in Sources */ = {isa = PBXBuildFile; fileRef = D6626F792A2DD7A30052F0BE /* trianthropotypesPaschalidesTests.swift */; };
		D6626F842A2DD7A30052F0BE /* trianthropotypesPaschalidesUITests.swift in Sources */ = {isa = PBXBuildFile; fileRef = D6626F832A2DD7A30052F0BE /* trianthropotypesPaschalidesUITests.swift */; };
		D6626F862A2DD7A30052F0BE /* trianthropotypesPaschalidesUITestsLaunchTests.swift in Sources */ = {isa = PBXBuildFile; fileRef = D6626F852A2DD7A30052F0BE /* trianthropotypesPaschalidesUITestsLaunchTests.swift */; };
		D6626F942A2DD8260052F0BE /* HomeView.swift in Sources */ = {isa = PBXBuildFile; fileRef = D6626F932A2DD8260052F0BE /* HomeView.swift */; };
		D69295E12A32674500E77EA7 /* Model.swift in Sources */ = {isa = PBXBuildFile; fileRef = D69295E02A32674500E77EA7 /* Model.swift */; };
		D69295E32A32675100E77EA7 /* ViewModel.swift in Sources */ = {isa = PBXBuildFile; fileRef = D69295E22A32675100E77EA7 /* ViewModel.swift */; };
		D69511D72C202E040021619F /* ListenRecord.swift in Sources */ = {isa = PBXBuildFile; fileRef = D69511D62C202E040021619F /* ListenRecord.swift */; };
		D69ECDBF2A2E7E7E005715A6 /* SubMenu.swift in Sources */ = {isa = PBXBuildFile; fileRef = D69ECDBE2A2E7E7E005715A6 /* SubMenu.swift */; };
		D6A6A31E2A305068005CD04A /* bio.swift in Sources */ = {isa = PBXBuildFile; fileRef = D6A6A31D2A305068005CD04A /* bio.swift */; };
		D6A6A3202A305E91005CD04A /* abouttypes.swift in Sources */ = {isa = PBXBuildFile; fileRef = D6A6A31F2A305E91005CD04A /* abouttypes.swift */; };
		D6A6A3222A305E9D005CD04A /* abouttest.swift in Sources */ = {isa = PBXBuildFile; fileRef = D6A6A3212A305E9D005CD04A /* abouttest.swift */; };
		D6A6A3242A305EAA005CD04A /* termsofuse.swift in Sources */ = {isa = PBXBuildFile; fileRef = D6A6A3232A305EAA005CD04A /* termsofuse.swift */; };
		D6A6A32B2A308480005CD04A /* GiaToParon1.mp3 in Resources */ = {isa = PBXBuildFile; fileRef = D6A6A3272A308480005CD04A /* GiaToParon1.mp3 */; };
		D6A6A32C2A308480005CD04A /* tournas2.mp3 in Resources */ = {isa = PBXBuildFile; fileRef = D6A6A3282A308480005CD04A /* tournas2.mp3 */; };
		D6A6A32D2A308480005CD04A /* tournas1.mp3 in Resources */ = {isa = PBXBuildFile; fileRef = D6A6A3292A308480005CD04A /* tournas1.mp3 */; };
		D6A6A32E2A308480005CD04A /* GiaToParon2-typoi.mp3 in Resources */ = {isa = PBXBuildFile; fileRef = D6A6A32A2A308480005CD04A /* GiaToParon2-typoi.mp3 */; };
		D6C757642A2FD40800C6E170 /* LaunchScreen.storyboard in Resources */ = {isa = PBXBuildFile; fileRef = D6C757632A2FD40800C6E170 /* LaunchScreen.storyboard */; };
		D6C757662A2FD45F00C6E170 /* Listen.swift in Sources */ = {isa = PBXBuildFile; fileRef = D6C757652A2FD45E00C6E170 /* Listen.swift */; };
		D6C757682A2FD7A100C6E170 /* InfoView.swift in Sources */ = {isa = PBXBuildFile; fileRef = D6C757672A2FD7A100C6E170 /* InfoView.swift */; };
		D6E0EAD52A31AB7F00BF0B1B /* StartTest.swift in Sources */ = {isa = PBXBuildFile; fileRef = D6E0EAD42A31AB7F00BF0B1B /* StartTest.swift */; };
		D6E0EAD72A31C35D00BF0B1B /* Test.swift in Sources */ = {isa = PBXBuildFile; fileRef = D6E0EAD62A31C35D00BF0B1B /* Test.swift */; };
		D6E0EAFC2A31D28D00BF0B1B /* ContentViewRadioGroup.swift in Sources */ = {isa = PBXBuildFile; fileRef = D6E0EAFB2A31D28D00BF0B1B /* ContentViewRadioGroup.swift */; };
		D6E0EB032A31F7E000BF0B1B /* Results.swift in Sources */ = {isa = PBXBuildFile; fileRef = D6E0EB022A31F7E000BF0B1B /* Results.swift */; };
/* End PBXBuildFile section */

/* Begin PBXContainerItemProxy section */
		D6626F762A2DD7A30052F0BE /* PBXContainerItemProxy */ = {
			isa = PBXContainerItemProxy;
			containerPortal = D6626F5D2A2DD7A00052F0BE /* Project object */;
			proxyType = 1;
			remoteGlobalIDString = D6626F642A2DD7A00052F0BE;
			remoteInfo = trianthropotypesPaschalides;
		};
		D6626F802A2DD7A30052F0BE /* PBXContainerItemProxy */ = {
			isa = PBXContainerItemProxy;
			containerPortal = D6626F5D2A2DD7A00052F0BE /* Project object */;
			proxyType = 1;
			remoteGlobalIDString = D6626F642A2DD7A00052F0BE;
			remoteInfo = trianthropotypesPaschalides;
		};
/* End PBXContainerItemProxy section */

/* Begin PBXFileReference section */
		3134DE948D9546C194FCBB25 /* Pods_trianthropotypesPaschalidesTests.framework */ = {isa = PBXFileReference; explicitFileType = wrapper.framework; includeInIndex = 0; path = Pods_trianthropotypesPaschalidesTests.framework; sourceTree = BUILT_PRODUCTS_DIR; };
		5989EACEFA78CE9233911F69 /* Pods-trianthropotypesPaschalides.debug.xcconfig */ = {isa = PBXFileReference; includeInIndex = 1; lastKnownFileType = text.xcconfig; name = "Pods-trianthropotypesPaschalides.debug.xcconfig"; path = "Target Support Files/Pods-trianthropotypesPaschalides/Pods-trianthropotypesPaschalides.debug.xcconfig"; sourceTree = "<group>"; };
		679144D5F83E954E6BD5673F /* Pods-trianthropotypesPaschalides.release.xcconfig */ = {isa = PBXFileReference; includeInIndex = 1; lastKnownFileType = text.xcconfig; name = "Pods-trianthropotypesPaschalides.release.xcconfig"; path = "Target Support Files/Pods-trianthropotypesPaschalides/Pods-trianthropotypesPaschalides.release.xcconfig"; sourceTree = "<group>"; };
		6B3A71D0B7C64396D73A461E /* Pods_trianthropotypesPaschalides.framework */ = {isa = PBXFileReference; explicitFileType = wrapper.framework; includeInIndex = 0; path = Pods_trianthropotypesPaschalides.framework; sourceTree = BUILT_PRODUCTS_DIR; };
		75EF9E8EF58D78B04F31F369 /* Pods_trianthropotypesPaschalides_trianthropotypesPaschalidesUITests.framework */ = {isa = PBXFileReference; explicitFileType = wrapper.framework; includeInIndex = 0; path = Pods_trianthropotypesPaschalides_trianthropotypesPaschalidesUITests.framework; sourceTree = BUILT_PRODUCTS_DIR; };
		A602E0A07495418019DBDD21 /* Pods-trianthropotypesPaschalides-trianthropotypesPaschalidesUITests.release.xcconfig */ = {isa = PBXFileReference; includeInIndex = 1; lastKnownFileType = text.xcconfig; name = "Pods-trianthropotypesPaschalides-trianthropotypesPaschalidesUITests.release.xcconfig"; path = "Target Support Files/Pods-trianthropotypesPaschalides-trianthropotypesPaschalidesUITests/Pods-trianthropotypesPaschalides-trianthropotypesPaschalidesUITests.release.xcconfig"; sourceTree = "<group>"; };
		C670E7096AD0560C6A409489 /* Pods-trianthropotypesPaschalidesTests.debug.xcconfig */ = {isa = PBXFileReference; includeInIndex = 1; lastKnownFileType = text.xcconfig; name = "Pods-trianthropotypesPaschalidesTests.debug.xcconfig"; path = "Target Support Files/Pods-trianthropotypesPaschalidesTests/Pods-trianthropotypesPaschalidesTests.debug.xcconfig"; sourceTree = "<group>"; };
		D6626F652A2DD7A00052F0BE /* trianthropotypesPaschalides.app */ = {isa = PBXFileReference; explicitFileType = wrapper.application; includeInIndex = 0; path = trianthropotypesPaschalides.app; sourceTree = BUILT_PRODUCTS_DIR; };
		D6626F682A2DD7A00052F0BE /* trianthropotypesPaschalidesApp.swift */ = {isa = PBXFileReference; lastKnownFileType = sourcecode.swift; path = trianthropotypesPaschalidesApp.swift; sourceTree = "<group>"; };
		D6626F6A2A2DD7A00052F0BE /* ContentView.swift */ = {isa = PBXFileReference; lastKnownFileType = sourcecode.swift; path = ContentView.swift; sourceTree = "<group>"; };
		D6626F6C2A2DD7A20052F0BE /* Assets.xcassets */ = {isa = PBXFileReference; lastKnownFileType = folder.assetcatalog; path = Assets.xcassets; sourceTree = "<group>"; };
		D6626F6F2A2DD7A20052F0BE /* Preview Assets.xcassets */ = {isa = PBXFileReference; lastKnownFileType = folder.assetcatalog; path = "Preview Assets.xcassets"; sourceTree = "<group>"; };
		D6626F752A2DD7A30052F0BE /* trianthropotypesPaschalidesTests.xctest */ = {isa = PBXFileReference; explicitFileType = wrapper.cfbundle; includeInIndex = 0; path = trianthropotypesPaschalidesTests.xctest; sourceTree = BUILT_PRODUCTS_DIR; };
		D6626F792A2DD7A30052F0BE /* trianthropotypesPaschalidesTests.swift */ = {isa = PBXFileReference; lastKnownFileType = sourcecode.swift; path = trianthropotypesPaschalidesTests.swift; sourceTree = "<group>"; };
		D6626F7F2A2DD7A30052F0BE /* trianthropotypesPaschalidesUITests.xctest */ = {isa = PBXFileReference; explicitFileType = wrapper.cfbundle; includeInIndex = 0; path = trianthropotypesPaschalidesUITests.xctest; sourceTree = BUILT_PRODUCTS_DIR; };
		D6626F832A2DD7A30052F0BE /* trianthropotypesPaschalidesUITests.swift */ = {isa = PBXFileReference; lastKnownFileType = sourcecode.swift; path = trianthropotypesPaschalidesUITests.swift; sourceTree = "<group>"; };
		D6626F852A2DD7A30052F0BE /* trianthropotypesPaschalidesUITestsLaunchTests.swift */ = {isa = PBXFileReference; lastKnownFileType = sourcecode.swift; path = trianthropotypesPaschalidesUITestsLaunchTests.swift; sourceTree = "<group>"; };
		D6626F932A2DD8260052F0BE /* HomeView.swift */ = {isa = PBXFileReference; lastKnownFileType = sourcecode.swift; path = HomeView.swift; sourceTree = "<group>"; };
		D69295E02A32674500E77EA7 /* Model.swift */ = {isa = PBXFileReference; lastKnownFileType = sourcecode.swift; path = Model.swift; sourceTree = "<group>"; };
		D69295E22A32675100E77EA7 /* ViewModel.swift */ = {isa = PBXFileReference; lastKnownFileType = sourcecode.swift; path = ViewModel.swift; sourceTree = "<group>"; };
		D69511D62C202E040021619F /* ListenRecord.swift */ = {isa = PBXFileReference; lastKnownFileType = sourcecode.swift; path = ListenRecord.swift; sourceTree = "<group>"; };
		D69ECDBE2A2E7E7E005715A6 /* SubMenu.swift */ = {isa = PBXFileReference; lastKnownFileType = sourcecode.swift; path = SubMenu.swift; sourceTree = "<group>"; };
		D6A6A31D2A305068005CD04A /* bio.swift */ = {isa = PBXFileReference; lastKnownFileType = sourcecode.swift; path = bio.swift; sourceTree = "<group>"; };
		D6A6A31F2A305E91005CD04A /* abouttypes.swift */ = {isa = PBXFileReference; lastKnownFileType = sourcecode.swift; path = abouttypes.swift; sourceTree = "<group>"; };
		D6A6A3212A305E9D005CD04A /* abouttest.swift */ = {isa = PBXFileReference; lastKnownFileType = sourcecode.swift; path = abouttest.swift; sourceTree = "<group>"; };
		D6A6A3232A305EAA005CD04A /* termsofuse.swift */ = {isa = PBXFileReference; lastKnownFileType = sourcecode.swift; path = termsofuse.swift; sourceTree = "<group>"; };
		D6A6A3272A308480005CD04A /* GiaToParon1.mp3 */ = {isa = PBXFileReference; lastKnownFileType = audio.mp3; path = GiaToParon1.mp3; sourceTree = "<group>"; };
		D6A6A3282A308480005CD04A /* tournas2.mp3 */ = {isa = PBXFileReference; lastKnownFileType = audio.mp3; path = tournas2.mp3; sourceTree = "<group>"; };
		D6A6A3292A308480005CD04A /* tournas1.mp3 */ = {isa = PBXFileReference; lastKnownFileType = audio.mp3; path = tournas1.mp3; sourceTree = "<group>"; };
		D6A6A32A2A308480005CD04A /* GiaToParon2-typoi.mp3 */ = {isa = PBXFileReference; lastKnownFileType = audio.mp3; path = "GiaToParon2-typoi.mp3"; sourceTree = "<group>"; };
		D6C757632A2FD40800C6E170 /* LaunchScreen.storyboard */ = {isa = PBXFileReference; lastKnownFileType = file.storyboard; path = LaunchScreen.storyboard; sourceTree = "<group>"; };
		D6C757652A2FD45E00C6E170 /* Listen.swift */ = {isa = PBXFileReference; lastKnownFileType = sourcecode.swift; path = Listen.swift; sourceTree = "<group>"; };
		D6C757672A2FD7A100C6E170 /* InfoView.swift */ = {isa = PBXFileReference; lastKnownFileType = sourcecode.swift; path = InfoView.swift; sourceTree = "<group>"; };
		D6E0EAD42A31AB7F00BF0B1B /* StartTest.swift */ = {isa = PBXFileReference; lastKnownFileType = sourcecode.swift; path = StartTest.swift; sourceTree = "<group>"; };
		D6E0EAD62A31C35D00BF0B1B /* Test.swift */ = {isa = PBXFileReference; lastKnownFileType = sourcecode.swift; path = Test.swift; sourceTree = "<group>"; };
		D6E0EAFB2A31D28D00BF0B1B /* ContentViewRadioGroup.swift */ = {isa = PBXFileReference; lastKnownFileType = sourcecode.swift; path = ContentViewRadioGroup.swift; sourceTree = "<group>"; };
		D6E0EB022A31F7E000BF0B1B /* Results.swift */ = {isa = PBXFileReference; lastKnownFileType = sourcecode.swift; path = Results.swift; sourceTree = "<group>"; };
		DACB96BA20CF2A928CEF6410 /* Pods-trianthropotypesPaschalides-trianthropotypesPaschalidesUITests.debug.xcconfig */ = {isa = PBXFileReference; includeInIndex = 1; lastKnownFileType = text.xcconfig; name = "Pods-trianthropotypesPaschalides-trianthropotypesPaschalidesUITests.debug.xcconfig"; path = "Target Support Files/Pods-trianthropotypesPaschalides-trianthropotypesPaschalidesUITests/Pods-trianthropotypesPaschalides-trianthropotypesPaschalidesUITests.debug.xcconfig"; sourceTree = "<group>"; };
		FD82C27CC46BC7EA3F082929 /* Pods-trianthropotypesPaschalidesTests.release.xcconfig */ = {isa = PBXFileReference; includeInIndex = 1; lastKnownFileType = text.xcconfig; name = "Pods-trianthropotypesPaschalidesTests.release.xcconfig"; path = "Target Support Files/Pods-trianthropotypesPaschalidesTests/Pods-trianthropotypesPaschalidesTests.release.xcconfig"; sourceTree = "<group>"; };
/* End PBXFileReference section */

/* Begin PBXFrameworksBuildPhase section */
		D6626F622A2DD7A00052F0BE /* Frameworks */ = {
			isa = PBXFrameworksBuildPhase;
			buildActionMask = 2147483647;
			files = (
			);
			runOnlyForDeploymentPostprocessing = 0;
		};
		D6626F722A2DD7A30052F0BE /* Frameworks */ = {
			isa = PBXFrameworksBuildPhase;
			buildActionMask = 2147483647;
			files = (
				1F8FEDB09460C912EA46AE9C /* Pods_trianthropotypesPaschalidesTests.framework in Frameworks */,
			);
			runOnlyForDeploymentPostprocessing = 0;
		};
		D6626F7C2A2DD7A30052F0BE /* Frameworks */ = {
			isa = PBXFrameworksBuildPhase;
			buildActionMask = 2147483647;
			files = (
				ACF8B62CF8F5FDB76D595C1A /* Pods_trianthropotypesPaschalides_trianthropotypesPaschalidesUITests.framework in Frameworks */,
			);
			runOnlyForDeploymentPostprocessing = 0;
		};
/* End PBXFrameworksBuildPhase section */

/* Begin PBXGroup section */
		4BB8115E931EC0D9312C2316 /* Pods */ = {
			isa = PBXGroup;
			children = (
				5989EACEFA78CE9233911F69 /* Pods-trianthropotypesPaschalides.debug.xcconfig */,
				679144D5F83E954E6BD5673F /* Pods-trianthropotypesPaschalides.release.xcconfig */,
				DACB96BA20CF2A928CEF6410 /* Pods-trianthropotypesPaschalides-trianthropotypesPaschalidesUITests.debug.xcconfig */,
				A602E0A07495418019DBDD21 /* Pods-trianthropotypesPaschalides-trianthropotypesPaschalidesUITests.release.xcconfig */,
				C670E7096AD0560C6A409489 /* Pods-trianthropotypesPaschalidesTests.debug.xcconfig */,
				FD82C27CC46BC7EA3F082929 /* Pods-trianthropotypesPaschalidesTests.release.xcconfig */,
			);
			path = Pods;
			sourceTree = "<group>";
		};
		9DFA11B8F6F2E5CD1CCD2168 /* Frameworks */ = {
			isa = PBXGroup;
			children = (
				6B3A71D0B7C64396D73A461E /* Pods_trianthropotypesPaschalides.framework */,
				75EF9E8EF58D78B04F31F369 /* Pods_trianthropotypesPaschalides_trianthropotypesPaschalidesUITests.framework */,
				3134DE948D9546C194FCBB25 /* Pods_trianthropotypesPaschalidesTests.framework */,
			);
			name = Frameworks;
			sourceTree = "<group>";
		};
		D6626F5C2A2DD7A00052F0BE = {
			isa = PBXGroup;
			children = (
				D6626F672A2DD7A00052F0BE /* trianthropotypesPaschalides */,
				D6626F782A2DD7A30052F0BE /* trianthropotypesPaschalidesTests */,
				D6626F822A2DD7A30052F0BE /* trianthropotypesPaschalidesUITests */,
				D6626F662A2DD7A00052F0BE /* Products */,
				4BB8115E931EC0D9312C2316 /* Pods */,
				9DFA11B8F6F2E5CD1CCD2168 /* Frameworks */,
			);
			sourceTree = "<group>";
		};
		D6626F662A2DD7A00052F0BE /* Products */ = {
			isa = PBXGroup;
			children = (
				D6626F652A2DD7A00052F0BE /* trianthropotypesPaschalides.app */,
				D6626F752A2DD7A30052F0BE /* trianthropotypesPaschalidesTests.xctest */,
				D6626F7F2A2DD7A30052F0BE /* trianthropotypesPaschalidesUITests.xctest */,
			);
			name = Products;
			sourceTree = "<group>";
		};
		D6626F672A2DD7A00052F0BE /* trianthropotypesPaschalides */ = {
			isa = PBXGroup;
			children = (
				D69295E52A3269CB00E77EA7 /* ViewModel */,
				D69295E42A3269C000E77EA7 /* Model */,
				D6A6A3272A308480005CD04A /* GiaToParon1.mp3 */,
				D6A6A32A2A308480005CD04A /* GiaToParon2-typoi.mp3 */,
				D6A6A3292A308480005CD04A /* tournas1.mp3 */,
				D6A6A3282A308480005CD04A /* tournas2.mp3 */,
				D6626F922A2DD8150052F0BE /* View */,
				D6626F682A2DD7A00052F0BE /* trianthropotypesPaschalidesApp.swift */,
				D6626F6C2A2DD7A20052F0BE /* Assets.xcassets */,
				D6626F6E2A2DD7A20052F0BE /* Preview Content */,
			);
			path = trianthropotypesPaschalides;
			sourceTree = "<group>";
		};
		D6626F6E2A2DD7A20052F0BE /* Preview Content */ = {
			isa = PBXGroup;
			children = (
				D6626F6F2A2DD7A20052F0BE /* Preview Assets.xcassets */,
			);
			path = "Preview Content";
			sourceTree = "<group>";
		};
		D6626F782A2DD7A30052F0BE /* trianthropotypesPaschalidesTests */ = {
			isa = PBXGroup;
			children = (
				D6626F792A2DD7A30052F0BE /* trianthropotypesPaschalidesTests.swift */,
			);
			path = trianthropotypesPaschalidesTests;
			sourceTree = "<group>";
		};
		D6626F822A2DD7A30052F0BE /* trianthropotypesPaschalidesUITests */ = {
			isa = PBXGroup;
			children = (
				D6626F832A2DD7A30052F0BE /* trianthropotypesPaschalidesUITests.swift */,
				D6626F852A2DD7A30052F0BE /* trianthropotypesPaschalidesUITestsLaunchTests.swift */,
			);
			path = trianthropotypesPaschalidesUITests;
			sourceTree = "<group>";
		};
		D6626F922A2DD8150052F0BE /* View */ = {
			isa = PBXGroup;
			children = (
				D6E0EAFB2A31D28D00BF0B1B /* ContentViewRadioGroup.swift */,
				D6626F932A2DD8260052F0BE /* HomeView.swift */,
				D69ECDBE2A2E7E7E005715A6 /* SubMenu.swift */,
				D6626F6A2A2DD7A00052F0BE /* ContentView.swift */,
				D6C757632A2FD40800C6E170 /* LaunchScreen.storyboard */,
				D6C757652A2FD45E00C6E170 /* Listen.swift */,
				D6C757672A2FD7A100C6E170 /* InfoView.swift */,
				D6A6A31D2A305068005CD04A /* bio.swift */,
				D6A6A31F2A305E91005CD04A /* abouttypes.swift */,
				D6A6A3212A305E9D005CD04A /* abouttest.swift */,
				D6A6A3232A305EAA005CD04A /* termsofuse.swift */,
				D6E0EAD42A31AB7F00BF0B1B /* StartTest.swift */,
				D6E0EAD62A31C35D00BF0B1B /* Test.swift */,
				D6E0EB022A31F7E000BF0B1B /* Results.swift */,
			);
			path = View;
			sourceTree = "<group>";
		};
		D69295E42A3269C000E77EA7 /* Model */ = {
			isa = PBXGroup;
			children = (
				D69295E02A32674500E77EA7 /* Model.swift */,
				D69511D62C202E040021619F /* ListenRecord.swift */,
			);
			path = Model;
			sourceTree = "<group>";
		};
		D69295E52A3269CB00E77EA7 /* ViewModel */ = {
			isa = PBXGroup;
			children = (
				D69295E22A32675100E77EA7 /* ViewModel.swift */,
			);
			path = ViewModel;
			sourceTree = "<group>";
		};
/* End PBXGroup section */

/* Begin PBXNativeTarget section */
		D6626F642A2DD7A00052F0BE /* trianthropotypesPaschalides */ = {
			isa = PBXNativeTarget;
			buildConfigurationList = D6626F892A2DD7A30052F0BE /* Build configuration list for PBXNativeTarget "trianthropotypesPaschalides" */;
			buildPhases = (
				A77CE29474276B35C32D417F /* [CP] Check Pods Manifest.lock */,
				D6626F612A2DD7A00052F0BE /* Sources */,
				D6626F622A2DD7A00052F0BE /* Frameworks */,
				D6626F632A2DD7A00052F0BE /* Resources */,
			);
			buildRules = (
			);
			dependencies = (
			);
			name = trianthropotypesPaschalides;
			packageProductDependencies = (
			);
			productName = trianthropotypesPaschalides;
			productReference = D6626F652A2DD7A00052F0BE /* trianthropotypesPaschalides.app */;
			productType = "com.apple.product-type.application";
		};
		D6626F742A2DD7A30052F0BE /* trianthropotypesPaschalidesTests */ = {
			isa = PBXNativeTarget;
			buildConfigurationList = D6626F8C2A2DD7A30052F0BE /* Build configuration list for PBXNativeTarget "trianthropotypesPaschalidesTests" */;
			buildPhases = (
				37BA1C7FDF121852C338ADDE /* [CP] Check Pods Manifest.lock */,
				D6626F712A2DD7A30052F0BE /* Sources */,
				D6626F722A2DD7A30052F0BE /* Frameworks */,
				D6626F732A2DD7A30052F0BE /* Resources */,
			);
			buildRules = (
			);
			dependencies = (
				D6626F772A2DD7A30052F0BE /* PBXTargetDependency */,
			);
			name = trianthropotypesPaschalidesTests;
			productName = trianthropotypesPaschalidesTests;
			productReference = D6626F752A2DD7A30052F0BE /* trianthropotypesPaschalidesTests.xctest */;
			productType = "com.apple.product-type.bundle.unit-test";
		};
		D6626F7E2A2DD7A30052F0BE /* trianthropotypesPaschalidesUITests */ = {
			isa = PBXNativeTarget;
			buildConfigurationList = D6626F8F2A2DD7A30052F0BE /* Build configuration list for PBXNativeTarget "trianthropotypesPaschalidesUITests" */;
			buildPhases = (
				631660D0B4D8A37D20286AF1 /* [CP] Check Pods Manifest.lock */,
				D6626F7B2A2DD7A30052F0BE /* Sources */,
				D6626F7C2A2DD7A30052F0BE /* Frameworks */,
				D6626F7D2A2DD7A30052F0BE /* Resources */,
			);
			buildRules = (
			);
			dependencies = (
				D6626F812A2DD7A30052F0BE /* PBXTargetDependency */,
			);
			name = trianthropotypesPaschalidesUITests;
			productName = trianthropotypesPaschalidesUITests;
			productReference = D6626F7F2A2DD7A30052F0BE /* trianthropotypesPaschalidesUITests.xctest */;
			productType = "com.apple.product-type.bundle.ui-testing";
		};
/* End PBXNativeTarget section */

/* Begin PBXProject section */
		D6626F5D2A2DD7A00052F0BE /* Project object */ = {
			isa = PBXProject;
			attributes = {
				BuildIndependentTargetsInParallel = 1;
				LastSwiftUpdateCheck = 1320;
				LastUpgradeCheck = 1320;
				TargetAttributes = {
					D6626F642A2DD7A00052F0BE = {
						CreatedOnToolsVersion = 13.2.1;
					};
					D6626F742A2DD7A30052F0BE = {
						CreatedOnToolsVersion = 13.2.1;
						TestTargetID = D6626F642A2DD7A00052F0BE;
					};
					D6626F7E2A2DD7A30052F0BE = {
						CreatedOnToolsVersion = 13.2.1;
						TestTargetID = D6626F642A2DD7A00052F0BE;
					};
				};
			};
			buildConfigurationList = D6626F602A2DD7A00052F0BE /* Build configuration list for PBXProject "trianthropotypesPaschalides" */;
			compatibilityVersion = "Xcode 13.0";
			developmentRegion = en;
			hasScannedForEncodings = 0;
			knownRegions = (
				en,
				Base,
			);
			mainGroup = D6626F5C2A2DD7A00052F0BE;
			packageReferences = (
				D6A63A9C2A2F1E2C00B5D22A /* XCRemoteSwiftPackageReference "swiftui-navigation-stack" */,
				D668AF092A33C16800BFE074 /* XCRemoteSwiftPackageReference "ToastUI" */,
			);
			productRefGroup = D6626F662A2DD7A00052F0BE /* Products */;
			projectDirPath = "";
			projectRoot = "";
			targets = (
				D6626F642A2DD7A00052F0BE /* trianthropotypesPaschalides */,
				D6626F742A2DD7A30052F0BE /* trianthropotypesPaschalidesTests */,
				D6626F7E2A2DD7A30052F0BE /* trianthropotypesPaschalidesUITests */,
			);
		};
/* End PBXProject section */

/* Begin PBXResourcesBuildPhase section */
		D6626F632A2DD7A00052F0BE /* Resources */ = {
			isa = PBXResourcesBuildPhase;
			buildActionMask = 2147483647;
			files = (
				D6C757642A2FD40800C6E170 /* LaunchScreen.storyboard in Resources */,
				D6A6A32E2A308480005CD04A /* GiaToParon2-typoi.mp3 in Resources */,
				D6626F702A2DD7A20052F0BE /* Preview Assets.xcassets in Resources */,
				D6A6A32B2A308480005CD04A /* GiaToParon1.mp3 in Resources */,
				D6A6A32D2A308480005CD04A /* tournas1.mp3 in Resources */,
				D6626F6D2A2DD7A20052F0BE /* Assets.xcassets in Resources */,
				D6A6A32C2A308480005CD04A /* tournas2.mp3 in Resources */,
			);
			runOnlyForDeploymentPostprocessing = 0;
		};
		D6626F732A2DD7A30052F0BE /* Resources */ = {
			isa = PBXResourcesBuildPhase;
			buildActionMask = 2147483647;
			files = (
			);
			runOnlyForDeploymentPostprocessing = 0;
		};
		D6626F7D2A2DD7A30052F0BE /* Resources */ = {
			isa = PBXResourcesBuildPhase;
			buildActionMask = 2147483647;
			files = (
			);
			runOnlyForDeploymentPostprocessing = 0;
		};
/* End PBXResourcesBuildPhase section */

/* Begin PBXShellScriptBuildPhase section */
		37BA1C7FDF121852C338ADDE /* [CP] Check Pods Manifest.lock */ = {
			isa = PBXShellScriptBuildPhase;
			buildActionMask = 2147483647;
			files = (
			);
			inputFileListPaths = (
			);
			inputPaths = (
				"${PODS_PODFILE_DIR_PATH}/Podfile.lock",
				"${PODS_ROOT}/Manifest.lock",
			);
			name = "[CP] Check Pods Manifest.lock";
			outputFileListPaths = (
			);
			outputPaths = (
				"$(DERIVED_FILE_DIR)/Pods-trianthropotypesPaschalidesTests-checkManifestLockResult.txt",
			);
			runOnlyForDeploymentPostprocessing = 0;
			shellPath = /bin/sh;
			shellScript = "diff \"${PODS_PODFILE_DIR_PATH}/Podfile.lock\" \"${PODS_ROOT}/Manifest.lock\" > /dev/null\nif [ $? != 0 ] ; then\n    # print error to STDERR\n    echo \"error: The sandbox is not in sync with the Podfile.lock. Run 'pod install' or update your CocoaPods installation.\" >&2\n    exit 1\nfi\n# This output is used by Xcode 'outputs' to avoid re-running this script phase.\necho \"SUCCESS\" > \"${SCRIPT_OUTPUT_FILE_0}\"\n";
			showEnvVarsInLog = 0;
		};
		631660D0B4D8A37D20286AF1 /* [CP] Check Pods Manifest.lock */ = {
			isa = PBXShellScriptBuildPhase;
			buildActionMask = 2147483647;
			files = (
			);
			inputFileListPaths = (
			);
			inputPaths = (
				"${PODS_PODFILE_DIR_PATH}/Podfile.lock",
				"${PODS_ROOT}/Manifest.lock",
			);
			name = "[CP] Check Pods Manifest.lock";
			outputFileListPaths = (
			);
			outputPaths = (
				"$(DERIVED_FILE_DIR)/Pods-trianthropotypesPaschalides-trianthropotypesPaschalidesUITests-checkManifestLockResult.txt",
			);
			runOnlyForDeploymentPostprocessing = 0;
			shellPath = /bin/sh;
			shellScript = "diff \"${PODS_PODFILE_DIR_PATH}/Podfile.lock\" \"${PODS_ROOT}/Manifest.lock\" > /dev/null\nif [ $? != 0 ] ; then\n    # print error to STDERR\n    echo \"error: The sandbox is not in sync with the Podfile.lock. Run 'pod install' or update your CocoaPods installation.\" >&2\n    exit 1\nfi\n# This output is used by Xcode 'outputs' to avoid re-running this script phase.\necho \"SUCCESS\" > \"${SCRIPT_OUTPUT_FILE_0}\"\n";
			showEnvVarsInLog = 0;
		};
		A77CE29474276B35C32D417F /* [CP] Check Pods Manifest.lock */ = {
			isa = PBXShellScriptBuildPhase;
			buildActionMask = 2147483647;
			files = (
			);
			inputFileListPaths = (
			);
			inputPaths = (
				"${PODS_PODFILE_DIR_PATH}/Podfile.lock",
				"${PODS_ROOT}/Manifest.lock",
			);
			name = "[CP] Check Pods Manifest.lock";
			outputFileListPaths = (
			);
			outputPaths = (
				"$(DERIVED_FILE_DIR)/Pods-trianthropotypesPaschalides-checkManifestLockResult.txt",
			);
			runOnlyForDeploymentPostprocessing = 0;
			shellPath = /bin/sh;
			shellScript = "diff \"${PODS_PODFILE_DIR_PATH}/Podfile.lock\" \"${PODS_ROOT}/Manifest.lock\" > /dev/null\nif [ $? != 0 ] ; then\n    # print error to STDERR\n    echo \"error: The sandbox is not in sync with the Podfile.lock. Run 'pod install' or update your CocoaPods installation.\" >&2\n    exit 1\nfi\n# This output is used by Xcode 'outputs' to avoid re-running this script phase.\necho \"SUCCESS\" > \"${SCRIPT_OUTPUT_FILE_0}\"\n";
			showEnvVarsInLog = 0;
		};
/* End PBXShellScriptBuildPhase section */

/* Begin PBXSourcesBuildPhase section */
		D6626F612A2DD7A00052F0BE /* Sources */ = {
			isa = PBXSourcesBuildPhase;
			buildActionMask = 2147483647;
			files = (
				D6E0EAD52A31AB7F00BF0B1B /* StartTest.swift in Sources */,
				D6A6A3242A305EAA005CD04A /* termsofuse.swift in Sources */,
				D6626F942A2DD8260052F0BE /* HomeView.swift in Sources */,
				D6E0EB032A31F7E000BF0B1B /* Results.swift in Sources */,
				D6626F6B2A2DD7A00052F0BE /* ContentView.swift in Sources */,
				D6626F692A2DD7A00052F0BE /* trianthropotypesPaschalidesApp.swift in Sources */,
				D69295E12A32674500E77EA7 /* Model.swift in Sources */,
				D6E0EAD72A31C35D00BF0B1B /* Test.swift in Sources */,
				D69511D72C202E040021619F /* ListenRecord.swift in Sources */,
				D69295E32A32675100E77EA7 /* ViewModel.swift in Sources */,
				D6A6A3202A305E91005CD04A /* abouttypes.swift in Sources */,
				D6A6A3222A305E9D005CD04A /* abouttest.swift in Sources */,
				D6C757662A2FD45F00C6E170 /* Listen.swift in Sources */,
				D6C757682A2FD7A100C6E170 /* InfoView.swift in Sources */,
				D69ECDBF2A2E7E7E005715A6 /* SubMenu.swift in Sources */,
				D6A6A31E2A305068005CD04A /* bio.swift in Sources */,
				D6E0EAFC2A31D28D00BF0B1B /* ContentViewRadioGroup.swift in Sources */,
			);
			runOnlyForDeploymentPostprocessing = 0;
		};
		D6626F712A2DD7A30052F0BE /* Sources */ = {
			isa = PBXSourcesBuildPhase;
			buildActionMask = 2147483647;
			files = (
				D6626F7A2A2DD7A30052F0BE /* trianthropotypesPaschalidesTests.swift in Sources */,
			);
			runOnlyForDeploymentPostprocessing = 0;
		};
		D6626F7B2A2DD7A30052F0BE /* Sources */ = {
			isa = PBXSourcesBuildPhase;
			buildActionMask = 2147483647;
			files = (
				D6626F842A2DD7A30052F0BE /* trianthropotypesPaschalidesUITests.swift in Sources */,
				D6626F862A2DD7A30052F0BE /* trianthropotypesPaschalidesUITestsLaunchTests.swift in Sources */,
			);
			runOnlyForDeploymentPostprocessing = 0;
		};
/* End PBXSourcesBuildPhase section */

/* Begin PBXTargetDependency section */
		D6626F772A2DD7A30052F0BE /* PBXTargetDependency */ = {
			isa = PBXTargetDependency;
			target = D6626F642A2DD7A00052F0BE /* trianthropotypesPaschalides */;
			targetProxy = D6626F762A2DD7A30052F0BE /* PBXContainerItemProxy */;
		};
		D6626F812A2DD7A30052F0BE /* PBXTargetDependency */ = {
			isa = PBXTargetDependency;
			target = D6626F642A2DD7A00052F0BE /* trianthropotypesPaschalides */;
			targetProxy = D6626F802A2DD7A30052F0BE /* PBXContainerItemProxy */;
		};
/* End PBXTargetDependency section */

/* Begin XCBuildConfiguration section */
		D6626F872A2DD7A30052F0BE /* Debug */ = {
			isa = XCBuildConfiguration;
			buildSettings = {
				ALWAYS_SEARCH_USER_PATHS = NO;
				CLANG_ANALYZER_NONNULL = YES;
				CLANG_ANALYZER_NUMBER_OBJECT_CONVERSION = YES_AGGRESSIVE;
				CLANG_CXX_LANGUAGE_STANDARD = "gnu++17";
				CLANG_CXX_LIBRARY = "libc++";
				CLANG_ENABLE_MODULES = YES;
				CLANG_ENABLE_OBJC_ARC = YES;
				CLANG_ENABLE_OBJC_WEAK = YES;
				CLANG_WARN_BLOCK_CAPTURE_AUTORELEASING = YES;
				CLANG_WARN_BOOL_CONVERSION = YES;
				CLANG_WARN_COMMA = YES;
				CLANG_WARN_CONSTANT_CONVERSION = YES;
				CLANG_WARN_DEPRECATED_OBJC_IMPLEMENTATIONS = YES;
				CLANG_WARN_DIRECT_OBJC_ISA_USAGE = YES_ERROR;
				CLANG_WARN_DOCUMENTATION_COMMENTS = YES;
				CLANG_WARN_EMPTY_BODY = YES;
				CLANG_WARN_ENUM_CONVERSION = YES;
				CLANG_WARN_INFINITE_RECURSION = YES;
				CLANG_WARN_INT_CONVERSION = YES;
				CLANG_WARN_NON_LITERAL_NULL_CONVERSION = YES;
				CLANG_WARN_OBJC_IMPLICIT_RETAIN_SELF = YES;
				CLANG_WARN_OBJC_LITERAL_CONVERSION = YES;
				CLANG_WARN_OBJC_ROOT_CLASS = YES_ERROR;
				CLANG_WARN_QUOTED_INCLUDE_IN_FRAMEWORK_HEADER = YES;
				CLANG_WARN_RANGE_LOOP_ANALYSIS = YES;
				CLANG_WARN_STRICT_PROTOTYPES = YES;
				CLANG_WARN_SUSPICIOUS_MOVE = YES;
				CLANG_WARN_UNGUARDED_AVAILABILITY = YES_AGGRESSIVE;
				CLANG_WARN_UNREACHABLE_CODE = YES;
				CLANG_WARN__DUPLICATE_METHOD_MATCH = YES;
				COPY_PHASE_STRIP = NO;
				DEBUG_INFORMATION_FORMAT = dwarf;
				ENABLE_STRICT_OBJC_MSGSEND = YES;
				ENABLE_TESTABILITY = YES;
				GCC_C_LANGUAGE_STANDARD = gnu11;
				GCC_DYNAMIC_NO_PIC = NO;
				GCC_NO_COMMON_BLOCKS = YES;
				GCC_OPTIMIZATION_LEVEL = 0;
				GCC_PREPROCESSOR_DEFINITIONS = (
					"DEBUG=1",
					"$(inherited)",
				);
				GCC_WARN_64_TO_32_BIT_CONVERSION = YES;
				GCC_WARN_ABOUT_RETURN_TYPE = YES_ERROR;
				GCC_WARN_UNDECLARED_SELECTOR = YES;
				GCC_WARN_UNINITIALIZED_AUTOS = YES_AGGRESSIVE;
				GCC_WARN_UNUSED_FUNCTION = YES;
				GCC_WARN_UNUSED_VARIABLE = YES;
				IPHONEOS_DEPLOYMENT_TARGET = 15.2;
				MTL_ENABLE_DEBUG_INFO = INCLUDE_SOURCE;
				MTL_FAST_MATH = YES;
				ONLY_ACTIVE_ARCH = YES;
				SDKROOT = iphoneos;
				SWIFT_ACTIVE_COMPILATION_CONDITIONS = DEBUG;
				SWIFT_OPTIMIZATION_LEVEL = "-Onone";
			};
			name = Debug;
		};
		D6626F882A2DD7A30052F0BE /* Release */ = {
			isa = XCBuildConfiguration;
			buildSettings = {
				ALWAYS_SEARCH_USER_PATHS = NO;
				CLANG_ANALYZER_NONNULL = YES;
				CLANG_ANALYZER_NUMBER_OBJECT_CONVERSION = YES_AGGRESSIVE;
				CLANG_CXX_LANGUAGE_STANDARD = "gnu++17";
				CLANG_CXX_LIBRARY = "libc++";
				CLANG_ENABLE_MODULES = YES;
				CLANG_ENABLE_OBJC_ARC = YES;
				CLANG_ENABLE_OBJC_WEAK = YES;
				CLANG_WARN_BLOCK_CAPTURE_AUTORELEASING = YES;
				CLANG_WARN_BOOL_CONVERSION = YES;
				CLANG_WARN_COMMA = YES;
				CLANG_WARN_CONSTANT_CONVERSION = YES;
				CLANG_WARN_DEPRECATED_OBJC_IMPLEMENTATIONS = YES;
				CLANG_WARN_DIRECT_OBJC_ISA_USAGE = YES_ERROR;
				CLANG_WARN_DOCUMENTATION_COMMENTS = YES;
				CLANG_WARN_EMPTY_BODY = YES;
				CLANG_WARN_ENUM_CONVERSION = YES;
				CLANG_WARN_INFINITE_RECURSION = YES;
				CLANG_WARN_INT_CONVERSION = YES;
				CLANG_WARN_NON_LITERAL_NULL_CONVERSION = YES;
				CLANG_WARN_OBJC_IMPLICIT_RETAIN_SELF = YES;
				CLANG_WARN_OBJC_LITERAL_CONVERSION = YES;
				CLANG_WARN_OBJC_ROOT_CLASS = YES_ERROR;
				CLANG_WARN_QUOTED_INCLUDE_IN_FRAMEWORK_HEADER = YES;
				CLANG_WARN_RANGE_LOOP_ANALYSIS = YES;
				CLANG_WARN_STRICT_PROTOTYPES = YES;
				CLANG_WARN_SUSPICIOUS_MOVE = YES;
				CLANG_WARN_UNGUARDED_AVAILABILITY = YES_AGGRESSIVE;
				CLANG_WARN_UNREACHABLE_CODE = YES;
				CLANG_WARN__DUPLICATE_METHOD_MATCH = YES;
				COPY_PHASE_STRIP = NO;
				DEBUG_INFORMATION_FORMAT = "dwarf-with-dsym";
				ENABLE_NS_ASSERTIONS = NO;
				ENABLE_STRICT_OBJC_MSGSEND = YES;
				GCC_C_LANGUAGE_STANDARD = gnu11;
				GCC_NO_COMMON_BLOCKS = YES;
				GCC_WARN_64_TO_32_BIT_CONVERSION = YES;
				GCC_WARN_ABOUT_RETURN_TYPE = YES_ERROR;
				GCC_WARN_UNDECLARED_SELECTOR = YES;
				GCC_WARN_UNINITIALIZED_AUTOS = YES_AGGRESSIVE;
				GCC_WARN_UNUSED_FUNCTION = YES;
				GCC_WARN_UNUSED_VARIABLE = YES;
				IPHONEOS_DEPLOYMENT_TARGET = 15.2;
				MTL_ENABLE_DEBUG_INFO = NO;
				MTL_FAST_MATH = YES;
				SDKROOT = iphoneos;
				SWIFT_COMPILATION_MODE = wholemodule;
				SWIFT_OPTIMIZATION_LEVEL = "-O";
				VALIDATE_PRODUCT = YES;
			};
			name = Release;
		};
		D6626F8A2A2DD7A30052F0BE /* Debug */ = {
			isa = XCBuildConfiguration;
			baseConfigurationReference = 5989EACEFA78CE9233911F69 /* Pods-trianthropotypesPaschalides.debug.xcconfig */;
			buildSettings = {
				ASSETCATALOG_COMPILER_APPICON_NAME = AppIcon;
				ASSETCATALOG_COMPILER_GLOBAL_ACCENT_COLOR_NAME = AccentColor;
				CODE_SIGN_STYLE = Automatic;
				CURRENT_PROJECT_VERSION = 1;
				DEVELOPMENT_ASSET_PATHS = "\"trianthropotypesPaschalides/Preview Content\"";
				DEVELOPMENT_TEAM = K6LJCT8RAA;
				ENABLE_PREVIEWS = YES;
				GENERATE_INFOPLIST_FILE = YES;
				INFOPLIST_KEY_UIApplicationSceneManifest_Generation = YES;
				INFOPLIST_KEY_UIApplicationSupportsIndirectInputEvents = YES;
				INFOPLIST_KEY_UILaunchScreen_Generation = YES;
				INFOPLIST_KEY_UILaunchStoryboardName = LaunchScreen;
				INFOPLIST_KEY_UISupportedInterfaceOrientations_iPad = "UIInterfaceOrientationPortrait UIInterfaceOrientationPortraitUpsideDown UIInterfaceOrientationLandscapeLeft UIInterfaceOrientationLandscapeRight";
				INFOPLIST_KEY_UISupportedInterfaceOrientations_iPhone = "UIInterfaceOrientationPortrait UIInterfaceOrientationLandscapeLeft UIInterfaceOrientationLandscapeRight";
				IPHONEOS_DEPLOYMENT_TARGET = 16.1;
				LD_RUNPATH_SEARCH_PATHS = (
					"$(inherited)",
					"@executable_path/Frameworks",
				);
				MARKETING_VERSION = 1.0;
				PRODUCT_BUNDLE_IDENTIFIER = com.ios.trianthropotypesPaschalides;
				PRODUCT_NAME = "$(TARGET_NAME)";
				SWIFT_EMIT_LOC_STRINGS = YES;
				SWIFT_VERSION = 5.0;
				TARGETED_DEVICE_FAMILY = "1,2";
			};
			name = Debug;
		};
		D6626F8B2A2DD7A30052F0BE /* Release */ = {
			isa = XCBuildConfiguration;
			baseConfigurationReference = 679144D5F83E954E6BD5673F /* Pods-trianthropotypesPaschalides.release.xcconfig */;
			buildSettings = {
				ASSETCATALOG_COMPILER_APPICON_NAME = AppIcon;
				ASSETCATALOG_COMPILER_GLOBAL_ACCENT_COLOR_NAME = AccentColor;
				CODE_SIGN_STYLE = Automatic;
				CURRENT_PROJECT_VERSION = 1;
				DEVELOPMENT_ASSET_PATHS = "\"trianthropotypesPaschalides/Preview Content\"";
				DEVELOPMENT_TEAM = K6LJCT8RAA;
				ENABLE_PREVIEWS = YES;
				GENERATE_INFOPLIST_FILE = YES;
				INFOPLIST_KEY_UIApplicationSceneManifest_Generation = YES;
				INFOPLIST_KEY_UIApplicationSupportsIndirectInputEvents = YES;
				INFOPLIST_KEY_UILaunchScreen_Generation = YES;
				INFOPLIST_KEY_UILaunchStoryboardName = LaunchScreen;
				INFOPLIST_KEY_UISupportedInterfaceOrientations_iPad = "UIInterfaceOrientationPortrait UIInterfaceOrientationPortraitUpsideDown UIInterfaceOrientationLandscapeLeft UIInterfaceOrientationLandscapeRight";
				INFOPLIST_KEY_UISupportedInterfaceOrientations_iPhone = "UIInterfaceOrientationPortrait UIInterfaceOrientationLandscapeLeft UIInterfaceOrientationLandscapeRight";
				IPHONEOS_DEPLOYMENT_TARGET = 16.1;
				LD_RUNPATH_SEARCH_PATHS = (
					"$(inherited)",
					"@executable_path/Frameworks",
				);
				MARKETING_VERSION = 1.0;
				PRODUCT_BUNDLE_IDENTIFIER = com.ios.trianthropotypesPaschalides;
				PRODUCT_NAME = "$(TARGET_NAME)";
				SWIFT_EMIT_LOC_STRINGS = YES;
				SWIFT_VERSION = 5.0;
				TARGETED_DEVICE_FAMILY = "1,2";
			};
			name = Release;
		};
		D6626F8D2A2DD7A30052F0BE /* Debug */ = {
			isa = XCBuildConfiguration;
			baseConfigurationReference = C670E7096AD0560C6A409489 /* Pods-trianthropotypesPaschalidesTests.debug.xcconfig */;
			buildSettings = {
				ALWAYS_EMBED_SWIFT_STANDARD_LIBRARIES = YES;
				BUNDLE_LOADER = "$(TEST_HOST)";
				CODE_SIGN_STYLE = Automatic;
				CURRENT_PROJECT_VERSION = 1;
				DEVELOPMENT_TEAM = K6LJCT8RAA;
				GENERATE_INFOPLIST_FILE = YES;
				IPHONEOS_DEPLOYMENT_TARGET = 15.2;
				MARKETING_VERSION = 1.0;
				PRODUCT_BUNDLE_IDENTIFIER = com.ios.trianthropotypesPaschalidesTests;
				PRODUCT_NAME = "$(TARGET_NAME)";
				SWIFT_EMIT_LOC_STRINGS = NO;
				SWIFT_VERSION = 5.0;
				TARGETED_DEVICE_FAMILY = "1,2";
				TEST_HOST = "$(BUILT_PRODUCTS_DIR)/trianthropotypesPaschalides.app/trianthropotypesPaschalides";
			};
			name = Debug;
		};
		D6626F8E2A2DD7A30052F0BE /* Release */ = {
			isa = XCBuildConfiguration;
			baseConfigurationReference = FD82C27CC46BC7EA3F082929 /* Pods-trianthropotypesPaschalidesTests.release.xcconfig */;
			buildSettings = {
				ALWAYS_EMBED_SWIFT_STANDARD_LIBRARIES = YES;
				BUNDLE_LOADER = "$(TEST_HOST)";
				CODE_SIGN_STYLE = Automatic;
				CURRENT_PROJECT_VERSION = 1;
				DEVELOPMENT_TEAM = K6LJCT8RAA;
				GENERATE_INFOPLIST_FILE = YES;
				IPHONEOS_DEPLOYMENT_TARGET = 15.2;
				MARKETING_VERSION = 1.0;
				PRODUCT_BUNDLE_IDENTIFIER = com.ios.trianthropotypesPaschalidesTests;
				PRODUCT_NAME = "$(TARGET_NAME)";
				SWIFT_EMIT_LOC_STRINGS = NO;
				SWIFT_VERSION = 5.0;
				TARGETED_DEVICE_FAMILY = "1,2";
				TEST_HOST = "$(BUILT_PRODUCTS_DIR)/trianthropotypesPaschalides.app/trianthropotypesPaschalides";
			};
			name = Release;
		};
		D6626F902A2DD7A30052F0BE /* Debug */ = {
			isa = XCBuildConfiguration;
			baseConfigurationReference = DACB96BA20CF2A928CEF6410 /* Pods-trianthropotypesPaschalides-trianthropotypesPaschalidesUITests.debug.xcconfig */;
			buildSettings = {
				ALWAYS_EMBED_SWIFT_STANDARD_LIBRARIES = YES;
				CODE_SIGN_STYLE = Automatic;
				CURRENT_PROJECT_VERSION = 1;
				DEVELOPMENT_TEAM = K6LJCT8RAA;
				GENERATE_INFOPLIST_FILE = YES;
				MARKETING_VERSION = 1.0;
				PRODUCT_BUNDLE_IDENTIFIER = com.ios.trianthropotypesPaschalidesUITests;
				PRODUCT_NAME = "$(TARGET_NAME)";
				SWIFT_EMIT_LOC_STRINGS = NO;
				SWIFT_VERSION = 5.0;
				TARGETED_DEVICE_FAMILY = "1,2";
				TEST_TARGET_NAME = trianthropotypesPaschalides;
			};
			name = Debug;
		};
		D6626F912A2DD7A30052F0BE /* Release */ = {
			isa = XCBuildConfiguration;
			baseConfigurationReference = A602E0A07495418019DBDD21 /* Pods-trianthropotypesPaschalides-trianthropotypesPaschalidesUITests.release.xcconfig */;
			buildSettings = {
				ALWAYS_EMBED_SWIFT_STANDARD_LIBRARIES = YES;
				CODE_SIGN_STYLE = Automatic;
				CURRENT_PROJECT_VERSION = 1;
				DEVELOPMENT_TEAM = K6LJCT8RAA;
				GENERATE_INFOPLIST_FILE = YES;
				MARKETING_VERSION = 1.0;
				PRODUCT_BUNDLE_IDENTIFIER = com.ios.trianthropotypesPaschalidesUITests;
				PRODUCT_NAME = "$(TARGET_NAME)";
				SWIFT_EMIT_LOC_STRINGS = NO;
				SWIFT_VERSION = 5.0;
				TARGETED_DEVICE_FAMILY = "1,2";
				TEST_TARGET_NAME = trianthropotypesPaschalides;
			};
			name = Release;
		};
/* End XCBuildConfiguration section */

/* Begin XCConfigurationList section */
		D6626F602A2DD7A00052F0BE /* Build configuration list for PBXProject "trianthropotypesPaschalides" */ = {
			isa = XCConfigurationList;
			buildConfigurations = (
				D6626F872A2DD7A30052F0BE /* Debug */,
				D6626F882A2DD7A30052F0BE /* Release */,
			);
			defaultConfigurationIsVisible = 0;
			defaultConfigurationName = Release;
		};
		D6626F892A2DD7A30052F0BE /* Build configuration list for PBXNativeTarget "trianthropotypesPaschalides" */ = {
			isa = XCConfigurationList;
			buildConfigurations = (
				D6626F8A2A2DD7A30052F0BE /* Debug */,
				D6626F8B2A2DD7A30052F0BE /* Release */,
			);
			defaultConfigurationIsVisible = 0;
			defaultConfigurationName = Release;
		};
		D6626F8C2A2DD7A30052F0BE /* Build configuration list for PBXNativeTarget "trianthropotypesPaschalidesTests" */ = {
			isa = XCConfigurationList;
			buildConfigurations = (
				D6626F8D2A2DD7A30052F0BE /* Debug */,
				D6626F8E2A2DD7A30052F0BE /* Release */,
			);
			defaultConfigurationIsVisible = 0;
			defaultConfigurationName = Release;
		};
		D6626F8F2A2DD7A30052F0BE /* Build configuration list for PBXNativeTarget "trianthropotypesPaschalidesUITests" */ = {
			isa = XCConfigurationList;
			buildConfigurations = (
				D6626F902A2DD7A30052F0BE /* Debug */,
				D6626F912A2DD7A30052F0BE /* Release */,
			);
			defaultConfigurationIsVisible = 0;
			defaultConfigurationName = Release;
		};
/* End XCConfigurationList section */

/* Begin XCRemoteSwiftPackageReference section */
		D668AF092A33C16800BFE074 /* XCRemoteSwiftPackageReference "ToastUI" */ = {
			isa = XCRemoteSwiftPackageReference;
			repositoryURL = "https://github.com/quanshousio/ToastUI.git";
			requirement = {
				kind = upToNextMajorVersion;
				minimumVersion = 3.0.0;
			};
		};
		D6A63A9C2A2F1E2C00B5D22A /* XCRemoteSwiftPackageReference "swiftui-navigation-stack" */ = {
			isa = XCRemoteSwiftPackageReference;
			repositoryURL = "https://github.com/matteopuc/swiftui-navigation-stack.git";
			requirement = {
				kind = upToNextMajorVersion;
				minimumVersion = 1.0.0;
			};
		};
/* End XCRemoteSwiftPackageReference section */
	};
	rootObject = D6626F5D2A2DD7A00052F0BE /* Project object */;
}
